
Microsoft Visual Studio Solution File, Format Version 12.00
# Visual Studio 15
VisualStudioVersion = 15.0.27428.2027
MinimumVisualStudioVersion = 10.0.40219.1
Project("{FAE04EC0-301F-11D3-BF4B-00C04F79EFBC}") = "AlphabetLoopsTivaR", "AlphabetLoopsTivaR\AlphabetLoopsTivaR.csproj", "{DB4BB537-C4EB-4690-9791-EA371800F197}"
EndProject
Global
	GlobalSection(SolutionConfigurationPlatforms) = preSolution
		Debug|Any CPU = Debug|Any CPU
		Release|Any CPU = Release|Any CPU
	EndGlobalSection
	GlobalSection(ProjectConfigurationPlatforms) = postSolution
		{DB4BB537-C4EB-4690-9791-EA371800F197}.Debug|Any CPU.ActiveCfg = Debug|Any CPU
		{DB4BB537-C4EB-4690-9791-EA371800F197}.Debug|Any CPU.Build.0 = Debug|Any CPU
		{DB4BB537-C4EB-4690-9791-EA371800F197}.Release|Any CPU.ActiveCfg = Release|Any CPU
		{DB4BB537-C4EB-4690-9791-EA371800F197}.Release|Any CPU.Build.0 = Release|Any CPU
	EndGlobalSection
	GlobalSection(SolutionProperties) = preSolution
		HideSolutionNode = FALSE
	EndGlobalSection
	GlobalSection(ExtensibilityGlobals) = postSolution
		SolutionGuid = {29A07997-81D2-44AC-B429-E873EFA84F53}
	EndGlobalSection
EndGlobal
